
Microsoft Visual Studio Solution File, Format Version 12.00
# Visual Studio Version 17
VisualStudioVersion = 17.5.002.0
MinimumVisualStudioVersion = 10.0.40219.1
Project("{9A19103F-16F7-4668-BE54-9A1E7A4F7556}") = "Domain", "Domain\Domain.csproj", "{783BED11-1FC1-4843-A8B5-216194D45543}"
EndProject
Global
	GlobalSection(SolutionConfigurationPlatforms) = preSolution
		Debug|Any CPU = Debug|Any CPU
		Release|Any CPU = Release|Any CPU
	EndGlobalSection
	GlobalSection(ProjectConfigurationPlatforms) = postSolution
		{783BED11-1FC1-4843-A8B5-216194D45543}.Debug|Any CPU.ActiveCfg = Debug|Any CPU
		{783BED11-1FC1-4843-A8B5-216194D45543}.Debug|Any CPU.Build.0 = Debug|Any CPU
		{783BED11-1FC1-4843-A8B5-216194D45543}.Release|Any CPU.ActiveCfg = Release|Any CPU
		{783BED11-1FC1-4843-A8B5-216194D45543}.Release|Any CPU.Build.0 = Release|Any CPU
	EndGlobalSection
	GlobalSection(SolutionProperties) = preSolution
		HideSolutionNode = FALSE
	EndGlobalSection
	GlobalSection(ExtensibilityGlobals) = postSolution
		SolutionGuid = {772199C8-D351-45C7-BD35-68D6382D48DB}
	EndGlobalSection
EndGlobal
